
Microsoft Visual Studio Solution File, Format Version 12.00
# Visual Studio 14
VisualStudioVersion = 14.0.25420.1
MinimumVisualStudioVersion = 10.0.40219.1
Project("{FAE04EC0-301F-11D3-BF4B-00C04F79EFBC}") = "ExampleWinForms", "ExampleWinForms\ExampleWinForms.csproj", "{7F75309B-2633-48BF-B4C9-CF8FF482380B}"
EndProject
Project("{FAE04EC0-301F-11D3-BF4B-00C04F79EFBC}") = "ClassMoneyEntry", "..\ClassMoneyEntry\ClassMoneyEntry\ClassMoneyEntry.csproj", "{9275560D-5E52-42CF-B29C-2145BC62681F}"
EndProject
Global
	GlobalSection(SolutionConfigurationPlatforms) = preSolution
		Debug|Any CPU = Debug|Any CPU
		Release|Any CPU = Release|Any CPU
	EndGlobalSection
	GlobalSection(ProjectConfigurationPlatforms) = postSolution
		{7F75309B-2633-48BF-B4C9-CF8FF482380B}.Debug|Any CPU.ActiveCfg = Debug|Any CPU
		{7F75309B-2633-48BF-B4C9-CF8FF482380B}.Debug|Any CPU.Build.0 = Debug|Any CPU
		{7F75309B-2633-48BF-B4C9-CF8FF482380B}.Release|Any CPU.ActiveCfg = Release|Any CPU
		{7F75309B-2633-48BF-B4C9-CF8FF482380B}.Release|Any CPU.Build.0 = Release|Any CPU
		{9275560D-5E52-42CF-B29C-2145BC62681F}.Debug|Any CPU.ActiveCfg = Debug|Any CPU
		{9275560D-5E52-42CF-B29C-2145BC62681F}.Debug|Any CPU.Build.0 = Debug|Any CPU
		{9275560D-5E52-42CF-B29C-2145BC62681F}.Release|Any CPU.ActiveCfg = Release|Any CPU
		{9275560D-5E52-42CF-B29C-2145BC62681F}.Release|Any CPU.Build.0 = Release|Any CPU
	EndGlobalSection
	GlobalSection(SolutionProperties) = preSolution
		HideSolutionNode = FALSE
	EndGlobalSection
EndGlobal
